schema_version = "1.0"
version = "5.2.1"
series = "5.2"
platform = "linux-x64"
archive = "blender-5.2.1-linux-x64.tar.xz"
sha256 = "a31f524fa99a527d3d52b7f5aaa68c34e1a19d5a1c9473f79c5cc610fd5b10e9"
release_tag = "runtime-blender-5.2.1"
release_asset_url = "https://github.com/looksawful/awful-studio/releases/download/runtime-blender-5.2.1/blender-5.2.1-linux-x64.tar.xz"
official_url = "https://download.blender.org/release/Blender5.2/blender-5.2.1-linux-x64.tar.xz"
extracted_dir = "blender-5.2.1-linux-x64"
executable = "blender"
